PODS:
  - Kingfisher (7.3.0)
  - SwiftLint (0.47.1)

DEPENDENCIES:
  - Kingfisher
  - SwiftLint (= 0.47.1)

SPEC REPOS:
  trunk:
    - Kingfisher
    - SwiftLint

SPEC CHECKSUMS:
  Kingfisher: cdb1189a9223b1bc028816bd47c8b8101a58831c
  SwiftLint: f80f1be7fa96d30e0aa68e58d45d4ea1ccaac519

PODFILE CHECKSUM: 52ff28de3a65b2c3571a395f329c92dfe0f300f4

COCOAPODS: 1.11.3
