// !$*UTF8*$!
{
	archiveVersion = 1;
	classes = {
	};
	objectVersion = 55;
	objects = {

/* Begin PBXBuildFile section */
		65699920D346AE9350353CAE /* Pods_Pokedex_ios_Pokedex_iosUITests.framework in Frameworks */ = {isa = PBXBuildFile; fileRef = DF05B0BE6D3A2D89BE4E197A /* Pods_Pokedex_ios_Pokedex_iosUITests.framework */; };
		843AEF08287394FD007039DB /* queries.graphql in Resources */ = {isa = PBXBuildFile; fileRef = 843AEF07287394FD007039DB /* queries.graphql */; };
		843AEF0A28739521007039DB /* ConstantVariables.swift in Sources */ = {isa = PBXBuildFile; fileRef = 843AEF0928739521007039DB /* ConstantVariables.swift */; };
		843AEF0F2874E446007039DB /* PokemonWeaknessesHelper.swift in Sources */ = {isa = PBXBuildFile; fileRef = 843AEF0E2874E446007039DB /* PokemonWeaknessesHelper.swift */; };
		8471C901286CF54D005E069A /* PokemonTableViewCell.swift in Sources */ = {isa = PBXBuildFile; fileRef = 8471C8FF286CF54D005E069A /* PokemonTableViewCell.swift */; };
		8471C902286CF54D005E069A /* PokemonTableViewCell.xib in Resources */ = {isa = PBXBuildFile; fileRef = 8471C900286CF54D005E069A /* PokemonTableViewCell.xib */; };
		849EAB39286CC4040064705B /* AppDelegate.swift in Sources */ = {isa = PBXBuildFile; fileRef = 849EAB38286CC4040064705B /* AppDelegate.swift */; };
		849EAB3B286CC4040064705B /* SceneDelegate.swift in Sources */ = {isa = PBXBuildFile; fileRef = 849EAB3A286CC4040064705B /* SceneDelegate.swift */; };
		849EAB3D286CC4040064705B /* PokemonListViewController.swift in Sources */ = {isa = PBXBuildFile; fileRef = 849EAB3C286CC4040064705B /* PokemonListViewController.swift */; };
		849EAB40286CC4040064705B /* Main.storyboard in Resources */ = {isa = PBXBuildFile; fileRef = 849EAB3E286CC4040064705B /* Main.storyboard */; };
		849EAB42286CC4060064705B /* Assets.xcassets in Resources */ = {isa = PBXBuildFile; fileRef = 849EAB41286CC4060064705B /* Assets.xcassets */; };
		849EAB45286CC4060064705B /* LaunchScreen.storyboard in Resources */ = {isa = PBXBuildFile; fileRef = 849EAB43286CC4060064705B /* LaunchScreen.storyboard */; };
		849EAB50286CC4060064705B /* Pokedex_iosTests.swift in Sources */ = {isa = PBXBuildFile; fileRef = 849EAB4F286CC4060064705B /* Pokedex_iosTests.swift */; };
		849EAB5A286CC4060064705B /* Pokedex_iosUITests.swift in Sources */ = {isa = PBXBuildFile; fileRef = 849EAB59286CC4060064705B /* Pokedex_iosUITests.swift */; };
		849EAB5C286CC4060064705B /* Pokedex_iosUITestsLaunchTests.swift in Sources */ = {isa = PBXBuildFile; fileRef = 849EAB5B286CC4060064705B /* Pokedex_iosUITestsLaunchTests.swift */; };
		849EAB6D286CC48A0064705B /* PokemonDetailViewController.swift in Sources */ = {isa = PBXBuildFile; fileRef = 849EAB6C286CC48A0064705B /* PokemonDetailViewController.swift */; };
		849F5D2E286F984B007B782B /* Apollo in Frameworks */ = {isa = PBXBuildFile; productRef = 849F5D2D286F984B007B782B /* Apollo */; };
		849F5D31286F9984007B782B /* API.swift in Sources */ = {isa = PBXBuildFile; fileRef = 849F5D30286F9984007B782B /* API.swift */; };
		84A226592877D9EF001F3881 /* PokemonTypeCollectionCell.xib in Resources */ = {isa = PBXBuildFile; fileRef = 84A226582877D9EF001F3881 /* PokemonTypeCollectionCell.xib */; };
		84A2265B2877DA08001F3881 /* PokemonTypeCollectionCell.swift in Sources */ = {isa = PBXBuildFile; fileRef = 84A2265A2877DA08001F3881 /* PokemonTypeCollectionCell.swift */; };
		84AFCD61286F9B2F00F5B7D6 /* GraphQLResultConverter.swift in Sources */ = {isa = PBXBuildFile; fileRef = 84AFCD60286F9B2F00F5B7D6 /* GraphQLResultConverter.swift */; };
		A1320CB03B2868A10E299EF5 /* Pods_Pokedex_ios.framework in Frameworks */ = {isa = PBXBuildFile; fileRef = 908D32039BC710BCC9AFAE00 /* Pods_Pokedex_ios.framework */; };
		C2343AAB2874CE32008D7022 /* Apollo in Frameworks */ = {isa = PBXBuildFile; productRef = C2343AAA2874CE32008D7022 /* Apollo */; };
		C2343AB22874DE2B008D7022 /* AdvancedFilterPopupViewModel.swift in Sources */ = {isa = PBXBuildFile; fileRef = C2343AB12874DE2B008D7022 /* AdvancedFilterPopupViewModel.swift */; };
		C24185F52873C3E4009C3061 /* Apollo in Frameworks */ = {isa = PBXBuildFile; productRef = C24185F42873C3E4009C3061 /* Apollo */; };
		
		
		
		C25299D928763598007C74AB /* PopupViewController.swift in Sources */ = {isa = PBXBuildFile; fileRef = C25299D828763598007C74AB /* PopupViewController.swift */; };
		C2599BEC28739A420079F454 /* TestResources.swift in Sources */ = {isa = PBXBuildFile; fileRef = C2599BEB28739A420079F454 /* TestResources.swift */; };
		C2FBBB262877606B00246202 /* AdvancedFilterPopupViewController.swift in Sources */ = {isa = PBXBuildFile; fileRef = C2FBBB242877606B00246202 /* AdvancedFilterPopupViewController.swift */; };
		C2FBBB272877606B00246202 /* AdvancedFilterPopupViewController.xib in Resources */ = {isa = PBXBuildFile; fileRef = C2FBBB252877606B00246202 /* AdvancedFilterPopupViewController.xib */; };
		C2FEC5B5286D2D8700220A13 /* NetworkManager.swift in Sources */ = {isa = PBXBuildFile; fileRef = C2FEC5B4286D2D8700220A13 /* NetworkManager.swift */; };
		C2FEC5B7286D2F6200220A13 /* PokemonListViewModel.swift in Sources */ = {isa = PBXBuildFile; fileRef = C2FEC5B6286D2F6200220A13 /* PokemonListViewModel.swift */; };
		C2FEC5BA286D302200220A13 /* PokedexService.swift in Sources */ = {isa = PBXBuildFile; fileRef = C2FEC5B9286D302200220A13 /* PokedexService.swift */; };
		C2FEC5BC286D3C5700220A13 /* PokeApiResponse.swift in Sources */ = {isa = PBXBuildFile; fileRef = C2FEC5BB286D3C5700220A13 /* PokeApiResponse.swift */; };
		C2FF5682287E37B100F1C941 /* AdvancedFilterTests.swift in Sources */ = {isa = PBXBuildFile; fileRef = C2FF5681287E37B100F1C941 /* AdvancedFilterTests.swift */; };
		FF7994059D4A9579B8779A5D /* Pods_Pokedex_iosTests.framework in Frameworks */ = {isa = PBXBuildFile; fileRef = 641819E5F0C677E5DDFF9006 /* Pods_Pokedex_iosTests.framework */; };
/* End PBXBuildFile section */

/* Begin PBXContainerItemProxy section */
		849EAB4C286CC4060064705B /* PBXContainerItemProxy */ = {
			isa = PBXContainerItemProxy;
			containerPortal = 849EAB2D286CC4040064705B /* Project object */;
			proxyType = 1;
			remoteGlobalIDString = 849EAB34286CC4040064705B;
			remoteInfo = Pokedex_ios;
		};
		849EAB56286CC4060064705B /* PBXContainerItemProxy */ = {
			isa = PBXContainerItemProxy;
			containerPortal = 849EAB2D286CC4040064705B /* Project object */;
			proxyType = 1;
			remoteGlobalIDString = 849EAB34286CC4040064705B;
			remoteInfo = Pokedex_ios;
		};
/* End PBXContainerItemProxy section */

/* Begin PBXFileReference section */
		359906566F4F71F40961968A /* Pods-Pokedex_iosTests.debug.xcconfig */ = {isa = PBXFileReference; includeInIndex = 1; lastKnownFileType = text.xcconfig; name = "Pods-Pokedex_iosTests.debug.xcconfig"; path = "Target Support Files/Pods-Pokedex_iosTests/Pods-Pokedex_iosTests.debug.xcconfig"; sourceTree = "<group>"; };
		37AD5AEF5B6106D1420184F4 /* Pods-Pokedex_ios.release.xcconfig */ = {isa = PBXFileReference; includeInIndex = 1; lastKnownFileType = text.xcconfig; name = "Pods-Pokedex_ios.release.xcconfig"; path = "Target Support Files/Pods-Pokedex_ios/Pods-Pokedex_ios.release.xcconfig"; sourceTree = "<group>"; };
		46D02B9176EA8F4744DAA893 /* Pods-Pokedex_iosTests.release.xcconfig */ = {isa = PBXFileReference; includeInIndex = 1; lastKnownFileType = text.xcconfig; name = "Pods-Pokedex_iosTests.release.xcconfig"; path = "Target Support Files/Pods-Pokedex_iosTests/Pods-Pokedex_iosTests.release.xcconfig"; sourceTree = "<group>"; };
		58E935D67B97EC837E157740 /* Pods-Pokedex_ios-Pokedex_iosUITests.release.xcconfig */ = {isa = PBXFileReference; includeInIndex = 1; lastKnownFileType = text.xcconfig; name = "Pods-Pokedex_ios-Pokedex_iosUITests.release.xcconfig"; path = "Target Support Files/Pods-Pokedex_ios-Pokedex_iosUITests/Pods-Pokedex_ios-Pokedex_iosUITests.release.xcconfig"; sourceTree = "<group>"; };
		641819E5F0C677E5DDFF9006 /* Pods_Pokedex_iosTests.framework */ = {isa = PBXFileReference; explicitFileType = wrapper.framework; includeInIndex = 0; path = Pods_Pokedex_iosTests.framework; sourceTree = BUILT_PRODUCTS_DIR; };
		843AEF07287394FD007039DB /* queries.graphql */ = {isa = PBXFileReference; fileEncoding = 4; lastKnownFileType = text; path = queries.graphql; sourceTree = "<group>"; };
		843AEF0928739521007039DB /* ConstantVariables.swift */ = {isa = PBXFileReference; lastKnownFileType = sourcecode.swift; path = ConstantVariables.swift; sourceTree = "<group>"; };
		843AEF0E2874E446007039DB /* PokemonWeaknessesHelper.swift */ = {isa = PBXFileReference; lastKnownFileType = sourcecode.swift; path = PokemonWeaknessesHelper.swift; sourceTree = "<group>"; };
		8471C8FF286CF54D005E069A /* PokemonTableViewCell.swift */ = {isa = PBXFileReference; lastKnownFileType = sourcecode.swift; path = PokemonTableViewCell.swift; sourceTree = "<group>"; };
		8471C900286CF54D005E069A /* PokemonTableViewCell.xib */ = {isa = PBXFileReference; lastKnownFileType = file.xib; path = PokemonTableViewCell.xib; sourceTree = "<group>"; };
		849EAB35286CC4040064705B /* Pokedex_ios.app */ = {isa = PBXFileReference; explicitFileType = wrapper.application; includeInIndex = 0; path = Pokedex_ios.app; sourceTree = BUILT_PRODUCTS_DIR; };
		849EAB38286CC4040064705B /* AppDelegate.swift */ = {isa = PBXFileReference; lastKnownFileType = sourcecode.swift; path = AppDelegate.swift; sourceTree = "<group>"; };
		849EAB3A286CC4040064705B /* SceneDelegate.swift */ = {isa = PBXFileReference; lastKnownFileType = sourcecode.swift; path = SceneDelegate.swift; sourceTree = "<group>"; };
		849EAB3C286CC4040064705B /* PokemonListViewController.swift */ = {isa = PBXFileReference; lastKnownFileType = sourcecode.swift; path = PokemonListViewController.swift; sourceTree = "<group>"; };
		849EAB3F286CC4040064705B /* Base */ = {isa = PBXFileReference; lastKnownFileType = file.storyboard; name = Base; path = Base.lproj/Main.storyboard; sourceTree = "<group>"; };
		849EAB41286CC4060064705B /* Assets.xcassets */ = {isa = PBXFileReference; lastKnownFileType = folder.assetcatalog; path = Assets.xcassets; sourceTree = "<group>"; };
		849EAB44286CC4060064705B /* Base */ = {isa = PBXFileReference; lastKnownFileType = file.storyboard; name = Base; path = Base.lproj/LaunchScreen.storyboard; sourceTree = "<group>"; };
		849EAB46286CC4060064705B /* Info.plist */ = {isa = PBXFileReference; lastKnownFileType = text.plist.xml; path = Info.plist; sourceTree = "<group>"; };
		849EAB4B286CC4060064705B /* Pokedex_iosTests.xctest */ = {isa = PBXFileReference; explicitFileType = wrapper.cfbundle; includeInIndex = 0; path = Pokedex_iosTests.xctest; sourceTree = BUILT_PRODUCTS_DIR; };
		849EAB4F286CC4060064705B /* Pokedex_iosTests.swift */ = {isa = PBXFileReference; lastKnownFileType = sourcecode.swift; path = Pokedex_iosTests.swift; sourceTree = "<group>"; };
		849EAB55286CC4060064705B /* Pokedex_iosUITests.xctest */ = {isa = PBXFileReference; explicitFileType = wrapper.cfbundle; includeInIndex = 0; path = Pokedex_iosUITests.xctest; sourceTree = BUILT_PRODUCTS_DIR; };
		849EAB59286CC4060064705B /* Pokedex_iosUITests.swift */ = {isa = PBXFileReference; lastKnownFileType = sourcecode.swift; path = Pokedex_iosUITests.swift; sourceTree = "<group>"; };
		849EAB5B286CC4060064705B /* Pokedex_iosUITestsLaunchTests.swift */ = {isa = PBXFileReference; lastKnownFileType = sourcecode.swift; path = Pokedex_iosUITestsLaunchTests.swift; sourceTree = "<group>"; };
		849EAB6C286CC48A0064705B /* PokemonDetailViewController.swift */ = {isa = PBXFileReference; lastKnownFileType = sourcecode.swift; path = PokemonDetailViewController.swift; sourceTree = "<group>"; };
		849F5D30286F9984007B782B /* API.swift */ = {isa = PBXFileReference; fileEncoding = 4; lastKnownFileType = sourcecode.swift; path = API.swift; sourceTree = "<group>"; };
		84A226582877D9EF001F3881 /* PokemonTypeCollectionCell.xib */ = {isa = PBXFileReference; fileEncoding = 4; lastKnownFileType = file.xib; path = PokemonTypeCollectionCell.xib; sourceTree = "<group>"; };
		84A2265A2877DA08001F3881 /* PokemonTypeCollectionCell.swift */ = {isa = PBXFileReference; fileEncoding = 4; lastKnownFileType = sourcecode.swift; path = PokemonTypeCollectionCell.swift; sourceTree = "<group>"; };
		84AFCD60286F9B2F00F5B7D6 /* GraphQLResultConverter.swift */ = {isa = PBXFileReference; lastKnownFileType = sourcecode.swift; path = GraphQLResultConverter.swift; sourceTree = "<group>"; };
		908D32039BC710BCC9AFAE00 /* Pods_Pokedex_ios.framework */ = {isa = PBXFileReference; explicitFileType = wrapper.framework; includeInIndex = 0; path = Pods_Pokedex_ios.framework; sourceTree = BUILT_PRODUCTS_DIR; };
		C2343AB12874DE2B008D7022 /* AdvancedFilterPopupViewModel.swift */ = {isa = PBXFileReference; lastKnownFileType = sourcecode.swift; path = AdvancedFilterPopupViewModel.swift; sourceTree = "<group>"; };
		
		
		
		C25299D828763598007C74AB /* PopupViewController.swift */ = {isa = PBXFileReference; lastKnownFileType = sourcecode.swift; path = PopupViewController.swift; sourceTree = "<group>"; };
		C2599BEB28739A420079F454 /* TestResources.swift */ = {isa = PBXFileReference; lastKnownFileType = sourcecode.swift; path = TestResources.swift; sourceTree = "<group>"; };
		C2FBBB242877606B00246202 /* AdvancedFilterPopupViewController.swift */ = {isa = PBXFileReference; lastKnownFileType = sourcecode.swift; path = AdvancedFilterPopupViewController.swift; sourceTree = "<group>"; };
		C2FBBB252877606B00246202 /* AdvancedFilterPopupViewController.xib */ = {isa = PBXFileReference; lastKnownFileType = file.xib; path = AdvancedFilterPopupViewController.xib; sourceTree = "<group>"; };
		C2FEC5B4286D2D8700220A13 /* NetworkManager.swift */ = {isa = PBXFileReference; lastKnownFileType = sourcecode.swift; path = NetworkManager.swift; sourceTree = "<group>"; };
		C2FEC5B6286D2F6200220A13 /* PokemonListViewModel.swift */ = {isa = PBXFileReference; lastKnownFileType = sourcecode.swift; path = PokemonListViewModel.swift; sourceTree = "<group>"; };
		C2FEC5B9286D302200220A13 /* PokedexService.swift */ = {isa = PBXFileReference; lastKnownFileType = sourcecode.swift; path = PokedexService.swift; sourceTree = "<group>"; };
		C2FEC5BB286D3C5700220A13 /* PokeApiResponse.swift */ = {isa = PBXFileReference; lastKnownFileType = sourcecode.swift; path = PokeApiResponse.swift; sourceTree = "<group>"; };
		C2FF5681287E37B100F1C941 /* AdvancedFilterTests.swift */ = {isa = PBXFileReference; lastKnownFileType = sourcecode.swift; path = AdvancedFilterTests.swift; sourceTree = "<group>"; };
		CBA2A15CB63B577A4619F5E0 /* Pods-Pokedex_ios-Pokedex_iosUITests.debug.xcconfig */ = {isa = PBXFileReference; includeInIndex = 1; lastKnownFileType = text.xcconfig; name = "Pods-Pokedex_ios-Pokedex_iosUITests.debug.xcconfig"; path = "Target Support Files/Pods-Pokedex_ios-Pokedex_iosUITests/Pods-Pokedex_ios-Pokedex_iosUITests.debug.xcconfig"; sourceTree = "<group>"; };
		DE40841C22B257F2FA48873A /* Pods-Pokedex_ios.debug.xcconfig */ = {isa = PBXFileReference; includeInIndex = 1; lastKnownFileType = text.xcconfig; name = "Pods-Pokedex_ios.debug.xcconfig"; path = "Target Support Files/Pods-Pokedex_ios/Pods-Pokedex_ios.debug.xcconfig"; sourceTree = "<group>"; };
		DF05B0BE6D3A2D89BE4E197A /* Pods_Pokedex_ios_Pokedex_iosUITests.framework */ = {isa = PBXFileReference; explicitFileType = wrapper.framework; includeInIndex = 0; path = Pods_Pokedex_ios_Pokedex_iosUITests.framework; sourceTree = BUILT_PRODUCTS_DIR; };
/* End PBXFileReference section */

/* Begin PBXFrameworksBuildPhase section */
		849EAB32286CC4040064705B /* Frameworks */ = {
			isa = PBXFrameworksBuildPhase;
			buildActionMask = 2147483647;
			files = (
				849F5D2E286F984B007B782B /* Apollo in Frameworks */,
				C2343AAB2874CE32008D7022 /* Apollo in Frameworks */,
				A1320CB03B2868A10E299EF5 /* Pods_Pokedex_ios.framework in Frameworks */,
				C24185F52873C3E4009C3061 /* Apollo in Frameworks */,
			);
			runOnlyForDeploymentPostprocessing = 0;
		};
		849EAB48286CC4060064705B /* Frameworks */ = {
			isa = PBXFrameworksBuildPhase;
			buildActionMask = 2147483647;
			files = (
				FF7994059D4A9579B8779A5D /* Pods_Pokedex_iosTests.framework in Frameworks */,
			);
			runOnlyForDeploymentPostprocessing = 0;
		};
		849EAB52286CC4060064705B /* Frameworks */ = {
			isa = PBXFrameworksBuildPhase;
			buildActionMask = 2147483647;
			files = (
				65699920D346AE9350353CAE /* Pods_Pokedex_ios_Pokedex_iosUITests.framework in Frameworks */,
			);
			runOnlyForDeploymentPostprocessing = 0;
		};
/* End PBXFrameworksBuildPhase section */

/* Begin PBXGroup section */
		0E15226C20A1E3CDA58EE782 /* Pods */ = {
			isa = PBXGroup;
			children = (
				DE40841C22B257F2FA48873A /* Pods-Pokedex_ios.debug.xcconfig */,
				37AD5AEF5B6106D1420184F4 /* Pods-Pokedex_ios.release.xcconfig */,
				CBA2A15CB63B577A4619F5E0 /* Pods-Pokedex_ios-Pokedex_iosUITests.debug.xcconfig */,
				58E935D67B97EC837E157740 /* Pods-Pokedex_ios-Pokedex_iosUITests.release.xcconfig */,
				359906566F4F71F40961968A /* Pods-Pokedex_iosTests.debug.xcconfig */,
				46D02B9176EA8F4744DAA893 /* Pods-Pokedex_iosTests.release.xcconfig */,
			);
			path = Pods;
			sourceTree = "<group>";
		};
		552E1F1E518280CFFB1986C3 /* Frameworks */ = {
			isa = PBXGroup;
			children = (
				908D32039BC710BCC9AFAE00 /* Pods_Pokedex_ios.framework */,
				DF05B0BE6D3A2D89BE4E197A /* Pods_Pokedex_ios_Pokedex_iosUITests.framework */,
				641819E5F0C677E5DDFF9006 /* Pods_Pokedex_iosTests.framework */,
			);
			name = Frameworks;
			sourceTree = "<group>";
		};
		843AEF06287394FD007039DB /* GraphQLServices */ = {
			isa = PBXGroup;
			children = (
				843AEF07287394FD007039DB /* queries.graphql */,
			);
			path = GraphQLServices;
			sourceTree = "<group>";
		};
		8471C8FD286CF50D005E069A /* Cells */ = {
			isa = PBXGroup;
			children = (
				84A226572877D967001F3881 /* PokemonTypeCell */,
				8471C8FE286CF517005E069A /* PokemonCell */,
			);
			path = Cells;
			sourceTree = "<group>";
		};
		8471C8FE286CF517005E069A /* PokemonCell */ = {
			isa = PBXGroup;
			children = (
				8471C8FF286CF54D005E069A /* PokemonTableViewCell.swift */,
				8471C900286CF54D005E069A /* PokemonTableViewCell.xib */,
			);
			path = PokemonCell;
			sourceTree = "<group>";
		};
		849EAB2C286CC4040064705B = {
			isa = PBXGroup;
			children = (
				849EAB37286CC4040064705B /* Pokedex_ios */,
				849EAB4E286CC4060064705B /* Pokedex_iosTests */,
				849EAB58286CC4060064705B /* Pokedex_iosUITests */,
				849EAB36286CC4040064705B /* Products */,
				0E15226C20A1E3CDA58EE782 /* Pods */,
				552E1F1E518280CFFB1986C3 /* Frameworks */,
				C21959D3287E29BD001659C9 /* Recovered References */,
			);
			sourceTree = "<group>";
		};
		849EAB36286CC4040064705B /* Products */ = {
			isa = PBXGroup;
			children = (
				849EAB35286CC4040064705B /* Pokedex_ios.app */,
				849EAB4B286CC4060064705B /* Pokedex_iosTests.xctest */,
				849EAB55286CC4060064705B /* Pokedex_iosUITests.xctest */,
			);
			name = Products;
			sourceTree = "<group>";
		};
		849EAB37286CC4040064705B /* Pokedex_ios */ = {
			isa = PBXGroup;
			children = (
				C25299D628763562007C74AB /* Utilities */,
				C2FEC5B8286D300000220A13 /* Services */,
				C2FEC5B3286D2D7300220A13 /* Helpers */,
				849EAB6A286CC4250064705B /* ViewModel */,
				849EAB69286CC41C0064705B /* View */,
				849EAB68286CC4160064705B /* Model */,
				849EAB38286CC4040064705B /* AppDelegate.swift */,
				849EAB3A286CC4040064705B /* SceneDelegate.swift */,
				849EAB41286CC4060064705B /* Assets.xcassets */,
				849EAB43286CC4060064705B /* LaunchScreen.storyboard */,
				849EAB46286CC4060064705B /* Info.plist */,
			);
			path = Pokedex_ios;
			sourceTree = "<group>";
		};
		849EAB4E286CC4060064705B /* Pokedex_iosTests */ = {
			isa = PBXGroup;
			children = (
				849EAB4F286CC4060064705B /* Pokedex_iosTests.swift */,
				C2599BEB28739A420079F454 /* TestResources.swift */,
				C2FF5681287E37B100F1C941 /* AdvancedFilterTests.swift */,
			);
			path = Pokedex_iosTests;
			sourceTree = "<group>";
		};
		849EAB58286CC4060064705B /* Pokedex_iosUITests */ = {
			isa = PBXGroup;
			children = (
				849EAB59286CC4060064705B /* Pokedex_iosUITests.swift */,
				849EAB5B286CC4060064705B /* Pokedex_iosUITestsLaunchTests.swift */,
			);
			path = Pokedex_iosUITests;
			sourceTree = "<group>";
		};
		849EAB68286CC4160064705B /* Model */ = {
			isa = PBXGroup;
			children = (
				C2FEC5BB286D3C5700220A13 /* PokeApiResponse.swift */,
			);
			path = Model;
			sourceTree = "<group>";
		};
		849EAB69286CC41C0064705B /* View */ = {
			isa = PBXGroup;
			children = (
				8471C8FD286CF50D005E069A /* Cells */,
				849EAB6B286CC4400064705B /* Controller */,
			);
			path = View;
			sourceTree = "<group>";
		};
		849EAB6A286CC4250064705B /* ViewModel */ = {
			isa = PBXGroup;
			children = (
				C2FEC5B6286D2F6200220A13 /* PokemonListViewModel.swift */,
				C2343AB12874DE2B008D7022 /* AdvancedFilterPopupViewModel.swift */,
			);
			path = ViewModel;
			sourceTree = "<group>";
		};
		849EAB6B286CC4400064705B /* Controller */ = {
			isa = PBXGroup;
			children = (
				C2343AB02874D020008D7022 /* AdvancedFilterPopup */,
				C2343AAF2874CFEA008D7022 /* PokemonList */,
				849EAB6C286CC48A0064705B /* PokemonDetailViewController.swift */,
			);
			path = Controller;
			sourceTree = "<group>";
		};
		849F5D2F286F98F2007B782B /* GraphQLHelpers */ = {
			isa = PBXGroup;
			children = (
				849F5D30286F9984007B782B /* API.swift */,
				84AFCD60286F9B2F00F5B7D6 /* GraphQLResultConverter.swift */,
			);
			path = GraphQLHelpers;
			sourceTree = "<group>";
		};
		84A226572877D967001F3881 /* PokemonTypeCell */ = {
			isa = PBXGroup;
			children = (
				84A2265A2877DA08001F3881 /* PokemonTypeCollectionCell.swift */,
				84A226582877D9EF001F3881 /* PokemonTypeCollectionCell.xib */,
			);
			path = PokemonTypeCell;
			sourceTree = "<group>";
		};
		
		C2343AAF2874CFEA008D7022 /* PokemonList */ = {
			isa = PBXGroup;
			children = (
				849EAB3C286CC4040064705B /* PokemonListViewController.swift */,
				849EAB3E286CC4040064705B /* Main.storyboard */,
			);
			path = PokemonList;
			sourceTree = "<group>";
		};
		C2343AB02874D020008D7022 /* AdvancedFilterPopup */ = {
			isa = PBXGroup;
			children = (
				C2FBBB242877606B00246202 /* AdvancedFilterPopupViewController.swift */,
				C2FBBB252877606B00246202 /* AdvancedFilterPopupViewController.xib */,
			);
			path = AdvancedFilterPopup;
			sourceTree = "<group>";
		};
		C25299D628763562007C74AB /* Utilities */ = {
			isa = PBXGroup;
			children = (
				C25299D72876356E007C74AB /* Views */,
			);
			path = Utilities;
			sourceTree = "<group>";
		};
		C25299D72876356E007C74AB /* Views */ = {
			isa = PBXGroup;
			children = (
				C25299D828763598007C74AB /* PopupViewController.swift */,
			);
			path = Views;
			sourceTree = "<group>";
		};
		C2FEC5B3286D2D7300220A13 /* Helpers */ = {
			isa = PBXGroup;
			children = (
				849F5D2F286F98F2007B782B /* GraphQLHelpers */,
				C2FEC5B4286D2D8700220A13 /* NetworkManager.swift */,
				843AEF0928739521007039DB /* ConstantVariables.swift */,
				843AEF0E2874E446007039DB /* PokemonWeaknessesHelper.swift */,
			);
			path = Helpers;
			sourceTree = "<group>";
		};
		C2FEC5B8286D300000220A13 /* Services */ = {
			isa = PBXGroup;
			children = (
				843AEF06287394FD007039DB /* GraphQLServices */,
				C2FEC5B9286D302200220A13 /* PokedexService.swift */,
			);
			path = Services;
			sourceTree = "<group>";
		};
/* End PBXGroup section */

/* Begin PBXNativeTarget section */
		849EAB34286CC4040064705B /* Pokedex_ios */ = {
			isa = PBXNativeTarget;
			buildConfigurationList = 849EAB5F286CC4060064705B /* Build configuration list for PBXNativeTarget "Pokedex_ios" */;
			buildPhases = (
				27B5076B521FA8DCEE6B8D79 /* [CP] Check Pods Manifest.lock */,
				843AEF0D28747F38007039DB /* SwiftLint */,
				849EAB31286CC4040064705B /* Sources */,
				849EAB32286CC4040064705B /* Frameworks */,
				849EAB33286CC4040064705B /* Resources */,
			);
			buildRules = (
			);
			dependencies = (
			);
			name = Pokedex_ios;
			packageProductDependencies = (
				849F5D2D286F984B007B782B /* Apollo */,
				C24185F42873C3E4009C3061 /* Apollo */,
				C2343AAA2874CE32008D7022 /* Apollo */,
			);
			productName = Pokedex_ios;
			productReference = 849EAB35286CC4040064705B /* Pokedex_ios.app */;
			productType = "com.apple.product-type.application";
		};
		849EAB4A286CC4060064705B /* Pokedex_iosTests */ = {
			isa = PBXNativeTarget;
			buildConfigurationList = 849EAB62286CC4060064705B /* Build configuration list for PBXNativeTarget "Pokedex_iosTests" */;
			buildPhases = (
				F249EC9019FAE1A354F2169F /* [CP] Check Pods Manifest.lock */,
				849EAB47286CC4060064705B /* Sources */,
				849EAB48286CC4060064705B /* Frameworks */,
				849EAB49286CC4060064705B /* Resources */,
			);
			buildRules = (
			);
			dependencies = (
				849EAB4D286CC4060064705B /* PBXTargetDependency */,
			);
			name = Pokedex_iosTests;
			productName = Pokedex_iosTests;
			productReference = 849EAB4B286CC4060064705B /* Pokedex_iosTests.xctest */;
			productType = "com.apple.product-type.bundle.unit-test";
		};
		849EAB54286CC4060064705B /* Pokedex_iosUITests */ = {
			isa = PBXNativeTarget;
			buildConfigurationList = 849EAB65286CC4060064705B /* Build configuration list for PBXNativeTarget "Pokedex_iosUITests" */;
			buildPhases = (
				BD991E43D11E73854E16617A /* [CP] Check Pods Manifest.lock */,
				849EAB51286CC4060064705B /* Sources */,
				849EAB52286CC4060064705B /* Frameworks */,
				849EAB53286CC4060064705B /* Resources */,
			);
			buildRules = (
			);
			dependencies = (
				849EAB57286CC4060064705B /* PBXTargetDependency */,
			);
			name = Pokedex_iosUITests;
			productName = Pokedex_iosUITests;
			productReference = 849EAB55286CC4060064705B /* Pokedex_iosUITests.xctest */;
			productType = "com.apple.product-type.bundle.ui-testing";
		};
/* End PBXNativeTarget section */

/* Begin PBXProject section */
		849EAB2D286CC4040064705B /* Project object */ = {
			isa = PBXProject;
			attributes = {
				BuildIndependentTargetsInParallel = 1;
				LastSwiftUpdateCheck = 1310;
				LastUpgradeCheck = 1310;
				TargetAttributes = {
					849EAB34286CC4040064705B = {
						CreatedOnToolsVersion = 13.1;
					};
					849EAB4A286CC4060064705B = {
						CreatedOnToolsVersion = 13.1;
						TestTargetID = 849EAB34286CC4040064705B;
					};
					849EAB54286CC4060064705B = {
						CreatedOnToolsVersion = 13.1;
						TestTargetID = 849EAB34286CC4040064705B;
					};
				};
			};
			buildConfigurationList = 849EAB30286CC4040064705B /* Build configuration list for PBXProject "Pokedex_ios" */;
			compatibilityVersion = "Xcode 13.0";
			developmentRegion = en;
			hasScannedForEncodings = 0;
			knownRegions = (
				en,
				Base,
			);
			mainGroup = 849EAB2C286CC4040064705B;
			packageReferences = (
				849F5D2C286F984B007B782B /* XCRemoteSwiftPackageReference "apollo-ios" */,
				C24185F32873C3E4009C3061 /* XCRemoteSwiftPackageReference "apollo-ios" */,
				C2343AA92874CE32008D7022 /* XCRemoteSwiftPackageReference "apollo-ios" */,
			);
			productRefGroup = 849EAB36286CC4040064705B /* Products */;
			projectDirPath = "";
			projectRoot = "";
			targets = (
				849EAB34286CC4040064705B /* Pokedex_ios */,
				849EAB4A286CC4060064705B /* Pokedex_iosTests */,
				849EAB54286CC4060064705B /* Pokedex_iosUITests */,
			);
		};
/* End PBXProject section */

/* Begin PBXResourcesBuildPhase section */
		849EAB33286CC4040064705B /* Resources */ = {
			isa = PBXResourcesBuildPhase;
			buildActionMask = 2147483647;
			files = (
				849EAB45286CC4060064705B /* LaunchScreen.storyboard in Resources */,
				8471C902286CF54D005E069A /* PokemonTableViewCell.xib in Resources */,
				849EAB42286CC4060064705B /* Assets.xcassets in Resources */,
				84A226592877D9EF001F3881 /* PokemonTypeCollectionCell.xib in Resources */,
				843AEF08287394FD007039DB /* queries.graphql in Resources */,
				849EAB40286CC4040064705B /* Main.storyboard in Resources */,
				C2FBBB272877606B00246202 /* AdvancedFilterPopupViewController.xib in Resources */,
			);
			runOnlyForDeploymentPostprocessing = 0;
		};
		849EAB49286CC4060064705B /* Resources */ = {
			isa = PBXResourcesBuildPhase;
			buildActionMask = 2147483647;
			files = (
			);
			runOnlyForDeploymentPostprocessing = 0;
		};
		849EAB53286CC4060064705B /* Resources */ = {
			isa = PBXResourcesBuildPhase;
			buildActionMask = 2147483647;
			files = (
			);
			runOnlyForDeploymentPostprocessing = 0;
		};
/* End PBXResourcesBuildPhase section */

/* Begin PBXShellScriptBuildPhase section */
		27B5076B521FA8DCEE6B8D79 /* [CP] Check Pods Manifest.lock */ = {
			isa = PBXShellScriptBuildPhase;
			buildActionMask = 2147483647;
			files = (
			);
			inputFileListPaths = (
			);
			inputPaths = (
				"${PODS_PODFILE_DIR_PATH}/Podfile.lock",
				"${PODS_ROOT}/Manifest.lock",
			);
			name = "[CP] Check Pods Manifest.lock";
			outputFileListPaths = (
			);
			outputPaths = (
				"$(DERIVED_FILE_DIR)/Pods-Pokedex_ios-checkManifestLockResult.txt",
			);
			runOnlyForDeploymentPostprocessing = 0;
			shellPath = /bin/sh;
			shellScript = "diff \"${PODS_PODFILE_DIR_PATH}/Podfile.lock\" \"${PODS_ROOT}/Manifest.lock\" > /dev/null\nif [ $? != 0 ] ; then\n    # print error to STDERR\n    echo \"error: The sandbox is not in sync with the Podfile.lock. Run 'pod install' or update your CocoaPods installation.\" >&2\n    exit 1\nfi\n# This output is used by Xcode 'outputs' to avoid re-running this script phase.\necho \"SUCCESS\" > \"${SCRIPT_OUTPUT_FILE_0}\"\n";
			showEnvVarsInLog = 0;
		};
		843AEF0D28747F38007039DB /* SwiftLint */ = {
			isa = PBXShellScriptBuildPhase;
			buildActionMask = 2147483647;
			files = (
			);
			inputFileListPaths = (
			);
			inputPaths = (
			);
			name = SwiftLint;
			outputFileListPaths = (
			);
			outputPaths = (
			);
			runOnlyForDeploymentPostprocessing = 0;
			shellPath = /bin/sh;
			shellScript = "# Type a script or drag a script file from your workspace to insert its path.\n\"${PODS_ROOT}/SwiftLint/swiftlint\"\n";
		};
		BD991E43D11E73854E16617A /* [CP] Check Pods Manifest.lock */ = {
			isa = PBXShellScriptBuildPhase;
			buildActionMask = 2147483647;
			files = (
			);
			inputFileListPaths = (
			);
			inputPaths = (
				"${PODS_PODFILE_DIR_PATH}/Podfile.lock",
				"${PODS_ROOT}/Manifest.lock",
			);
			name = "[CP] Check Pods Manifest.lock";
			outputFileListPaths = (
			);
			outputPaths = (
				"$(DERIVED_FILE_DIR)/Pods-Pokedex_ios-Pokedex_iosUITests-checkManifestLockResult.txt",
			);
			runOnlyForDeploymentPostprocessing = 0;
			shellPath = /bin/sh;
			shellScript = "diff \"${PODS_PODFILE_DIR_PATH}/Podfile.lock\" \"${PODS_ROOT}/Manifest.lock\" > /dev/null\nif [ $? != 0 ] ; then\n    # print error to STDERR\n    echo \"error: The sandbox is not in sync with the Podfile.lock. Run 'pod install' or update your CocoaPods installation.\" >&2\n    exit 1\nfi\n# This output is used by Xcode 'outputs' to avoid re-running this script phase.\necho \"SUCCESS\" > \"${SCRIPT_OUTPUT_FILE_0}\"\n";
			showEnvVarsInLog = 0;
		};
		F249EC9019FAE1A354F2169F /* [CP] Check Pods Manifest.lock */ = {
			isa = PBXShellScriptBuildPhase;
			buildActionMask = 2147483647;
			files = (
			);
			inputFileListPaths = (
			);
			inputPaths = (
				"${PODS_PODFILE_DIR_PATH}/Podfile.lock",
				"${PODS_ROOT}/Manifest.lock",
			);
			name = "[CP] Check Pods Manifest.lock";
			outputFileListPaths = (
			);
			outputPaths = (
				"$(DERIVED_FILE_DIR)/Pods-Pokedex_iosTests-checkManifestLockResult.txt",
			);
			runOnlyForDeploymentPostprocessing = 0;
			shellPath = /bin/sh;
			shellScript = "diff \"${PODS_PODFILE_DIR_PATH}/Podfile.lock\" \"${PODS_ROOT}/Manifest.lock\" > /dev/null\nif [ $? != 0 ] ; then\n    # print error to STDERR\n    echo \"error: The sandbox is not in sync with the Podfile.lock. Run 'pod install' or update your CocoaPods installation.\" >&2\n    exit 1\nfi\n# This output is used by Xcode 'outputs' to avoid re-running this script phase.\necho \"SUCCESS\" > \"${SCRIPT_OUTPUT_FILE_0}\"\n";
			showEnvVarsInLog = 0;
		};
/* End PBXShellScriptBuildPhase section */

/* Begin PBXSourcesBuildPhase section */
		849EAB31286CC4040064705B /* Sources */ = {
			isa = PBXSourcesBuildPhase;
			buildActionMask = 2147483647;
			files = (
				843AEF0F2874E446007039DB /* PokemonWeaknessesHelper.swift in Sources */,
				C2FEC5BC286D3C5700220A13 /* PokeApiResponse.swift in Sources */,
				C2FBBB262877606B00246202 /* AdvancedFilterPopupViewController.swift in Sources */,
				C2343AB22874DE2B008D7022 /* AdvancedFilterPopupViewModel.swift in Sources */,
				C2FEC5BA286D302200220A13 /* PokedexService.swift in Sources */,
				84AFCD61286F9B2F00F5B7D6 /* GraphQLResultConverter.swift in Sources */,
				C2FEC5B5286D2D8700220A13 /* NetworkManager.swift in Sources */,
				C25299D928763598007C74AB /* PopupViewController.swift in Sources */,
				849EAB3D286CC4040064705B /* PokemonListViewController.swift in Sources */,
				843AEF0A28739521007039DB /* ConstantVariables.swift in Sources */,
				849F5D31286F9984007B782B /* API.swift in Sources */,
				849EAB6D286CC48A0064705B /* PokemonDetailViewController.swift in Sources */,
				C2FEC5B7286D2F6200220A13 /* PokemonListViewModel.swift in Sources */,
				849EAB39286CC4040064705B /* AppDelegate.swift in Sources */,
				8471C901286CF54D005E069A /* PokemonTableViewCell.swift in Sources */,
				849EAB3B286CC4040064705B /* SceneDelegate.swift in Sources */,
				84A2265B2877DA08001F3881 /* PokemonTypeCollectionCell.swift in Sources */,
			);
			runOnlyForDeploymentPostprocessing = 0;
		};
		849EAB47286CC4060064705B /* Sources */ = {
			isa = PBXSourcesBuildPhase;
			buildActionMask = 2147483647;
			files = (

				849EAB50286CC4060064705B /* Pokedex_iosTests.swift in Sources */,
				C2599BEC28739A420079F454 /* TestResources.swift in Sources */,
				C2FF5682287E37B100F1C941 /* AdvancedFilterTests.swift in Sources */,
			);
			runOnlyForDeploymentPostprocessing = 0;
		};
		849EAB51286CC4060064705B /* Sources */ = {
			isa = PBXSourcesBuildPhase;
			buildActionMask = 2147483647;
			files = (
				849EAB5A286CC4060064705B /* Pokedex_iosUITests.swift in Sources */,
				849EAB5C286CC4060064705B /* Pokedex_iosUITestsLaunchTests.swift in Sources */,
			);
			runOnlyForDeploymentPostprocessing = 0;
		};
/* End PBXSourcesBuildPhase section */

/* Begin PBXTargetDependency section */
		849EAB4D286CC4060064705B /* PBXTargetDependency */ = {
			isa = PBXTargetDependency;
			target = 849EAB34286CC4040064705B /* Pokedex_ios */;
			targetProxy = 849EAB4C286CC4060064705B /* PBXContainerItemProxy */;
		};
		849EAB57286CC4060064705B /* PBXTargetDependency */ = {
			isa = PBXTargetDependency;
			target = 849EAB34286CC4040064705B /* Pokedex_ios */;
			targetProxy = 849EAB56286CC4060064705B /* PBXContainerItemProxy */;
		};
/* End PBXTargetDependency section */

/* Begin PBXVariantGroup section */
		849EAB3E286CC4040064705B /* Main.storyboard */ = {
			isa = PBXVariantGroup;
			children = (
				849EAB3F286CC4040064705B /* Base */,
			);
			name = Main.storyboard;
			sourceTree = "<group>";
		};
		849EAB43286CC4060064705B /* LaunchScreen.storyboard */ = {
			isa = PBXVariantGroup;
			children = (
				849EAB44286CC4060064705B /* Base */,
			);
			name = LaunchScreen.storyboard;
			sourceTree = "<group>";
		};
/* End PBXVariantGroup section */

/* Begin XCBuildConfiguration section */
		849EAB5D286CC4060064705B /* Debug */ = {
			isa = XCBuildConfiguration;
			buildSettings = {
				ALWAYS_SEARCH_USER_PATHS = NO;
				CLANG_ANALYZER_NONNULL = YES;
				CLANG_ANALYZER_NUMBER_OBJECT_CONVERSION = YES_AGGRESSIVE;
				CLANG_CXX_LANGUAGE_STANDARD = "gnu++17";
				CLANG_CXX_LIBRARY = "libc++";
				CLANG_ENABLE_MODULES = YES;
				CLANG_ENABLE_OBJC_ARC = YES;
				CLANG_ENABLE_OBJC_WEAK = YES;
				CLANG_WARN_BLOCK_CAPTURE_AUTORELEASING = YES;
				CLANG_WARN_BOOL_CONVERSION = YES;
				CLANG_WARN_COMMA = YES;
				CLANG_WARN_CONSTANT_CONVERSION = YES;
				CLANG_WARN_DEPRECATED_OBJC_IMPLEMENTATIONS = YES;
				CLANG_WARN_DIRECT_OBJC_ISA_USAGE = YES_ERROR;
				CLANG_WARN_DOCUMENTATION_COMMENTS = YES;
				CLANG_WARN_EMPTY_BODY = YES;
				CLANG_WARN_ENUM_CONVERSION = YES;
				CLANG_WARN_INFINITE_RECURSION = YES;
				CLANG_WARN_INT_CONVERSION = YES;
				CLANG_WARN_NON_LITERAL_NULL_CONVERSION = YES;
				CLANG_WARN_OBJC_IMPLICIT_RETAIN_SELF = YES;
				CLANG_WARN_OBJC_LITERAL_CONVERSION = YES;
				CLANG_WARN_OBJC_ROOT_CLASS = YES_ERROR;
				CLANG_WARN_QUOTED_INCLUDE_IN_FRAMEWORK_HEADER = YES;
				CLANG_WARN_RANGE_LOOP_ANALYSIS = YES;
				CLANG_WARN_STRICT_PROTOTYPES = YES;
				CLANG_WARN_SUSPICIOUS_MOVE = YES;
				CLANG_WARN_UNGUARDED_AVAILABILITY = YES_AGGRESSIVE;
				CLANG_WARN_UNREACHABLE_CODE = YES;
				CLANG_WARN__DUPLICATE_METHOD_MATCH = YES;
				COPY_PHASE_STRIP = NO;
				DEBUG_INFORMATION_FORMAT = dwarf;
				ENABLE_STRICT_OBJC_MSGSEND = YES;
				ENABLE_TESTABILITY = YES;
				GCC_C_LANGUAGE_STANDARD = gnu11;
				GCC_DYNAMIC_NO_PIC = NO;
				GCC_NO_COMMON_BLOCKS = YES;
				GCC_OPTIMIZATION_LEVEL = 0;
				GCC_PREPROCESSOR_DEFINITIONS = (
					"DEBUG=1",
					"$(inherited)",
				);
				GCC_WARN_64_TO_32_BIT_CONVERSION = YES;
				GCC_WARN_ABOUT_RETURN_TYPE = YES_ERROR;
				GCC_WARN_UNDECLARED_SELECTOR = YES;
				GCC_WARN_UNINITIALIZED_AUTOS = YES_AGGRESSIVE;
				GCC_WARN_UNUSED_FUNCTION = YES;
				GCC_WARN_UNUSED_VARIABLE = YES;
				IPHONEOS_DEPLOYMENT_TARGET = 15.0;
				MTL_ENABLE_DEBUG_INFO = INCLUDE_SOURCE;
				MTL_FAST_MATH = YES;
				ONLY_ACTIVE_ARCH = YES;
				SDKROOT = iphoneos;
				SWIFT_ACTIVE_COMPILATION_CONDITIONS = DEBUG;
				SWIFT_OPTIMIZATION_LEVEL = "-Onone";
			};
			name = Debug;
		};
		849EAB5E286CC4060064705B /* Release */ = {
			isa = XCBuildConfiguration;
			buildSettings = {
				ALWAYS_SEARCH_USER_PATHS = NO;
				CLANG_ANALYZER_NONNULL = YES;
				CLANG_ANALYZER_NUMBER_OBJECT_CONVERSION = YES_AGGRESSIVE;
				CLANG_CXX_LANGUAGE_STANDARD = "gnu++17";
				CLANG_CXX_LIBRARY = "libc++";
				CLANG_ENABLE_MODULES = YES;
				CLANG_ENABLE_OBJC_ARC = YES;
				CLANG_ENABLE_OBJC_WEAK = YES;
				CLANG_WARN_BLOCK_CAPTURE_AUTORELEASING = YES;
				CLANG_WARN_BOOL_CONVERSION = YES;
				CLANG_WARN_COMMA = YES;
				CLANG_WARN_CONSTANT_CONVERSION = YES;
				CLANG_WARN_DEPRECATED_OBJC_IMPLEMENTATIONS = YES;
				CLANG_WARN_DIRECT_OBJC_ISA_USAGE = YES_ERROR;
				CLANG_WARN_DOCUMENTATION_COMMENTS = YES;
				CLANG_WARN_EMPTY_BODY = YES;
				CLANG_WARN_ENUM_CONVERSION = YES;
				CLANG_WARN_INFINITE_RECURSION = YES;
				CLANG_WARN_INT_CONVERSION = YES;
				CLANG_WARN_NON_LITERAL_NULL_CONVERSION = YES;
				CLANG_WARN_OBJC_IMPLICIT_RETAIN_SELF = YES;
				CLANG_WARN_OBJC_LITERAL_CONVERSION = YES;
				CLANG_WARN_OBJC_ROOT_CLASS = YES_ERROR;
				CLANG_WARN_QUOTED_INCLUDE_IN_FRAMEWORK_HEADER = YES;
				CLANG_WARN_RANGE_LOOP_ANALYSIS = YES;
				CLANG_WARN_STRICT_PROTOTYPES = YES;
				CLANG_WARN_SUSPICIOUS_MOVE = YES;
				CLANG_WARN_UNGUARDED_AVAILABILITY = YES_AGGRESSIVE;
				CLANG_WARN_UNREACHABLE_CODE = YES;
				CLANG_WARN__DUPLICATE_METHOD_MATCH = YES;
				COPY_PHASE_STRIP = NO;
				DEBUG_INFORMATION_FORMAT = "dwarf-with-dsym";
				ENABLE_NS_ASSERTIONS = NO;
				ENABLE_STRICT_OBJC_MSGSEND = YES;
				GCC_C_LANGUAGE_STANDARD = gnu11;
				GCC_NO_COMMON_BLOCKS = YES;
				GCC_WARN_64_TO_32_BIT_CONVERSION = YES;
				GCC_WARN_ABOUT_RETURN_TYPE = YES_ERROR;
				GCC_WARN_UNDECLARED_SELECTOR = YES;
				GCC_WARN_UNINITIALIZED_AUTOS = YES_AGGRESSIVE;
				GCC_WARN_UNUSED_FUNCTION = YES;
				GCC_WARN_UNUSED_VARIABLE = YES;
				IPHONEOS_DEPLOYMENT_TARGET = 15.0;
				MTL_ENABLE_DEBUG_INFO = NO;
				MTL_FAST_MATH = YES;
				SDKROOT = iphoneos;
				SWIFT_COMPILATION_MODE = wholemodule;
				SWIFT_OPTIMIZATION_LEVEL = "-O";
				VALIDATE_PRODUCT = YES;
			};
			name = Release;
		};
		849EAB60286CC4060064705B /* Debug */ = {
			isa = XCBuildConfiguration;
			baseConfigurationReference = DE40841C22B257F2FA48873A /* Pods-Pokedex_ios.debug.xcconfig */;
			buildSettings = {
				ASSETCATALOG_COMPILER_APPICON_NAME = AppIcon;
				ASSETCATALOG_COMPILER_GLOBAL_ACCENT_COLOR_NAME = AccentColor;
				CODE_SIGN_IDENTITY = "Apple Development";
				CODE_SIGN_STYLE = Automatic;
				CURRENT_PROJECT_VERSION = 1;
				DEVELOPMENT_TEAM = MAQ973C7DT;
				GENERATE_INFOPLIST_FILE = YES;
				INFOPLIST_FILE = Pokedex_ios/Info.plist;
				INFOPLIST_KEY_UIApplicationSupportsIndirectInputEvents = YES;
				INFOPLIST_KEY_UILaunchStoryboardName = LaunchScreen;
				INFOPLIST_KEY_UIMainStoryboardFile = Main;
				INFOPLIST_KEY_UISupportedInterfaceOrientations = UIInterfaceOrientationPortrait;
				INFOPLIST_KEY_UISupportedInterfaceOrientations_iPad = "UIInterfaceOrientationPortrait UIInterfaceOrientationPortraitUpsideDown UIInterfaceOrientationLandscapeLeft UIInterfaceOrientationLandscapeRight";
				INFOPLIST_KEY_UISupportedInterfaceOrientations_iPhone = "UIInterfaceOrientationPortrait UIInterfaceOrientationLandscapeLeft UIInterfaceOrientationLandscapeRight";
				LD_RUNPATH_SEARCH_PATHS = (
					"$(inherited)",
					"@executable_path/Frameworks",
				);
				MARKETING_VERSION = 1.0;
				PRODUCT_BUNDLE_IDENTIFIER = "com.jalasoft.test.Pokedex-ios";
				PRODUCT_NAME = "$(TARGET_NAME)";
				PROVISIONING_PROFILE_SPECIFIER = "";
				SWIFT_EMIT_LOC_STRINGS = YES;
				SWIFT_VERSION = 5.0;
				TARGETED_DEVICE_FAMILY = "1,2";
			};
			name = Debug;
		};
		849EAB61286CC4060064705B /* Release */ = {
			isa = XCBuildConfiguration;
			baseConfigurationReference = 37AD5AEF5B6106D1420184F4 /* Pods-Pokedex_ios.release.xcconfig */;
			buildSettings = {
				ASSETCATALOG_COMPILER_APPICON_NAME = AppIcon;
				ASSETCATALOG_COMPILER_GLOBAL_ACCENT_COLOR_NAME = AccentColor;
				CODE_SIGN_IDENTITY = "Apple Development";
				CODE_SIGN_STYLE = Automatic;
				CURRENT_PROJECT_VERSION = 1;
				DEVELOPMENT_TEAM = MAQ973C7DT;
				GENERATE_INFOPLIST_FILE = YES;
				INFOPLIST_FILE = Pokedex_ios/Info.plist;
				INFOPLIST_KEY_UIApplicationSupportsIndirectInputEvents = YES;
				INFOPLIST_KEY_UILaunchStoryboardName = LaunchScreen;
				INFOPLIST_KEY_UIMainStoryboardFile = Main;
				INFOPLIST_KEY_UISupportedInterfaceOrientations = UIInterfaceOrientationPortrait;
				INFOPLIST_KEY_UISupportedInterfaceOrientations_iPad = "UIInterfaceOrientationPortrait UIInterfaceOrientationPortraitUpsideDown UIInterfaceOrientationLandscapeLeft UIInterfaceOrientationLandscapeRight";
				INFOPLIST_KEY_UISupportedInterfaceOrientations_iPhone = "UIInterfaceOrientationPortrait UIInterfaceOrientationLandscapeLeft UIInterfaceOrientationLandscapeRight";
				LD_RUNPATH_SEARCH_PATHS = (
					"$(inherited)",
					"@executable_path/Frameworks",
				);
				MARKETING_VERSION = 1.0;
				PRODUCT_BUNDLE_IDENTIFIER = "com.jalasoft.test.Pokedex-ios";
				PRODUCT_NAME = "$(TARGET_NAME)";
				PROVISIONING_PROFILE_SPECIFIER = "";
				SWIFT_EMIT_LOC_STRINGS = YES;
				SWIFT_VERSION = 5.0;
				TARGETED_DEVICE_FAMILY = "1,2";
			};
			name = Release;
		};
		849EAB63286CC4060064705B /* Debug */ = {
			isa = XCBuildConfiguration;
			baseConfigurationReference = 359906566F4F71F40961968A /* Pods-Pokedex_iosTests.debug.xcconfig */;
			buildSettings = {
				ALWAYS_EMBED_SWIFT_STANDARD_LIBRARIES = YES;
				BUNDLE_LOADER = "$(TEST_HOST)";
				CODE_SIGN_STYLE = Automatic;
				CURRENT_PROJECT_VERSION = 1;
				DEVELOPMENT_TEAM = ZDW6WVD65C;
				GENERATE_INFOPLIST_FILE = YES;
				IPHONEOS_DEPLOYMENT_TARGET = 15.0;
				LD_RUNPATH_SEARCH_PATHS = (
					"$(inherited)",
					"@executable_path/Frameworks",
					"@loader_path/Frameworks",
				);
				MARKETING_VERSION = 1.0;
				PRODUCT_BUNDLE_IDENTIFIER = "com.jalasoft.test.Pokedex-iosTests";
				PRODUCT_NAME = "$(TARGET_NAME)";
				SWIFT_EMIT_LOC_STRINGS = NO;
				SWIFT_VERSION = 5.0;
				TARGETED_DEVICE_FAMILY = "1,2";
				TEST_HOST = "$(BUILT_PRODUCTS_DIR)/Pokedex_ios.app/Pokedex_ios";
			};
			name = Debug;
		};
		849EAB64286CC4060064705B /* Release */ = {
			isa = XCBuildConfiguration;
			baseConfigurationReference = 46D02B9176EA8F4744DAA893 /* Pods-Pokedex_iosTests.release.xcconfig */;
			buildSettings = {
				ALWAYS_EMBED_SWIFT_STANDARD_LIBRARIES = YES;
				BUNDLE_LOADER = "$(TEST_HOST)";
				CODE_SIGN_STYLE = Automatic;
				CURRENT_PROJECT_VERSION = 1;
				DEVELOPMENT_TEAM = ZDW6WVD65C;
				GENERATE_INFOPLIST_FILE = YES;
				IPHONEOS_DEPLOYMENT_TARGET = 15.0;
				LD_RUNPATH_SEARCH_PATHS = (
					"$(inherited)",
					"@executable_path/Frameworks",
					"@loader_path/Frameworks",
				);
				MARKETING_VERSION = 1.0;
				PRODUCT_BUNDLE_IDENTIFIER = "com.jalasoft.test.Pokedex-iosTests";
				PRODUCT_NAME = "$(TARGET_NAME)";
				SWIFT_EMIT_LOC_STRINGS = NO;
				SWIFT_VERSION = 5.0;
				TARGETED_DEVICE_FAMILY = "1,2";
				TEST_HOST = "$(BUILT_PRODUCTS_DIR)/Pokedex_ios.app/Pokedex_ios";
			};
			name = Release;
		};
		849EAB66286CC4060064705B /* Debug */ = {
			isa = XCBuildConfiguration;
			baseConfigurationReference = CBA2A15CB63B577A4619F5E0 /* Pods-Pokedex_ios-Pokedex_iosUITests.debug.xcconfig */;
			buildSettings = {
				ALWAYS_EMBED_SWIFT_STANDARD_LIBRARIES = YES;
				CODE_SIGN_STYLE = Automatic;
				CURRENT_PROJECT_VERSION = 1;
				DEVELOPMENT_TEAM = ZDW6WVD65C;
				GENERATE_INFOPLIST_FILE = YES;
				LD_RUNPATH_SEARCH_PATHS = (
					"$(inherited)",
					"@executable_path/Frameworks",
					"@loader_path/Frameworks",
				);
				MARKETING_VERSION = 1.0;
				PRODUCT_BUNDLE_IDENTIFIER = "com.jalasoft.test.Pokedex-iosUITests";
				PRODUCT_NAME = "$(TARGET_NAME)";
				SWIFT_EMIT_LOC_STRINGS = NO;
				SWIFT_VERSION = 5.0;
				TARGETED_DEVICE_FAMILY = "1,2";
				TEST_TARGET_NAME = Pokedex_ios;
			};
			name = Debug;
		};
		849EAB67286CC4060064705B /* Release */ = {
			isa = XCBuildConfiguration;
			baseConfigurationReference = 58E935D67B97EC837E157740 /* Pods-Pokedex_ios-Pokedex_iosUITests.release.xcconfig */;
			buildSettings = {
				ALWAYS_EMBED_SWIFT_STANDARD_LIBRARIES = YES;
				CODE_SIGN_STYLE = Automatic;
				CURRENT_PROJECT_VERSION = 1;
				DEVELOPMENT_TEAM = ZDW6WVD65C;
				GENERATE_INFOPLIST_FILE = YES;
				LD_RUNPATH_SEARCH_PATHS = (
					"$(inherited)",
					"@executable_path/Frameworks",
					"@loader_path/Frameworks",
				);
				MARKETING_VERSION = 1.0;
				PRODUCT_BUNDLE_IDENTIFIER = "com.jalasoft.test.Pokedex-iosUITests";
				PRODUCT_NAME = "$(TARGET_NAME)";
				SWIFT_EMIT_LOC_STRINGS = NO;
				SWIFT_VERSION = 5.0;
				TARGETED_DEVICE_FAMILY = "1,2";
				TEST_TARGET_NAME = Pokedex_ios;
			};
			name = Release;
		};
/* End XCBuildConfiguration section */

/* Begin XCConfigurationList section */
		849EAB30286CC4040064705B /* Build configuration list for PBXProject "Pokedex_ios" */ = {
			isa = XCConfigurationList;
			buildConfigurations = (
				849EAB5D286CC4060064705B /* Debug */,
				849EAB5E286CC4060064705B /* Release */,
			);
			defaultConfigurationIsVisible = 0;
			defaultConfigurationName = Release;
		};
		849EAB5F286CC4060064705B /* Build configuration list for PBXNativeTarget "Pokedex_ios" */ = {
			isa = XCConfigurationList;
			buildConfigurations = (
				849EAB60286CC4060064705B /* Debug */,
				849EAB61286CC4060064705B /* Release */,
			);
			defaultConfigurationIsVisible = 0;
			defaultConfigurationName = Release;
		};
		849EAB62286CC4060064705B /* Build configuration list for PBXNativeTarget "Pokedex_iosTests" */ = {
			isa = XCConfigurationList;
			buildConfigurations = (
				849EAB63286CC4060064705B /* Debug */,
				849EAB64286CC4060064705B /* Release */,
			);
			defaultConfigurationIsVisible = 0;
			defaultConfigurationName = Release;
		};
		849EAB65286CC4060064705B /* Build configuration list for PBXNativeTarget "Pokedex_iosUITests" */ = {
			isa = XCConfigurationList;
			buildConfigurations = (
				849EAB66286CC4060064705B /* Debug */,
				849EAB67286CC4060064705B /* Release */,
			);
			defaultConfigurationIsVisible = 0;
			defaultConfigurationName = Release;
		};
/* End XCConfigurationList section */

/* Begin XCRemoteSwiftPackageReference section */
		849F5D2C286F984B007B782B /* XCRemoteSwiftPackageReference "apollo-ios" */ = {
			isa = XCRemoteSwiftPackageReference;
			repositoryURL = "https://github.com/apollographql/apollo-ios";
			requirement = {
				kind = upToNextMinorVersion;
				minimumVersion = 0.49.0;
			};
		};
		C2343AA92874CE32008D7022 /* XCRemoteSwiftPackageReference "apollo-ios" */ = {
			isa = XCRemoteSwiftPackageReference;
			repositoryURL = "https://github.com/apollographql/apollo-ios";
			requirement = {
				kind = upToNextMajorVersion;
				minimumVersion = 0.9.5;
			};
		};
		C24185F32873C3E4009C3061 /* XCRemoteSwiftPackageReference "apollo-ios" */ = {
			isa = XCRemoteSwiftPackageReference;
			repositoryURL = "https://github.com/apollographql/apollo-ios";
			requirement = {
				kind = upToNextMajorVersion;
				minimumVersion = 0.9.5;
			};
		};
/* End XCRemoteSwiftPackageReference section */

/* Begin XCSwiftPackageProductDependency section */
		849F5D2D286F984B007B782B /* Apollo */ = {
			isa = XCSwiftPackageProductDependency;
			package = 849F5D2C286F984B007B782B /* XCRemoteSwiftPackageReference "apollo-ios" */;
			productName = Apollo;
		};
		C2343AAA2874CE32008D7022 /* Apollo */ = {
			isa = XCSwiftPackageProductDependency;
			package = C24185F32873C3E4009C3061 /* XCRemoteSwiftPackageReference "apollo-ios" */;
			productName = Apollo;
		};
		C24185F42873C3E4009C3061 /* Apollo */ = {
			isa = XCSwiftPackageProductDependency;
			package = C24185F32873C3E4009C3061 /* XCRemoteSwiftPackageReference "apollo-ios" */;
			productName = Apollo;
		};
/* End XCSwiftPackageProductDependency section */
	};
	rootObject = 849EAB2D286CC4040064705B /* Project object */;
}
